
Microsoft Visual Studio Solution File, Format Version 12.00
# Visual Studio 15
VisualStudioVersion = 15.0.27130.2036
MinimumVisualStudioVersion = 10.0.40219.1
Project("{9A19103F-16F7-4668-BE54-9A1E7A4F7556}") = "UnityFx.Async", "UnityFx.Async\UnityFx.Async.csproj", "{721C9B40-7633-4C2B-8820-BDAD9AA8BCF8}"
EndProject
Project("{9A19103F-16F7-4668-BE54-9A1E7A4F7556}") = "UnityFx.Async.Tests", "UnityFx.Async.Tests\UnityFx.Async.Tests.csproj", "{3482943A-2DFA-44FB-A8E6-A180DB04EF83}"
EndProject
Project("{9A19103F-16F7-4668-BE54-9A1E7A4F7556}") = "UnityFx.Async.AssetStore", "UnityFx.Async.AssetStore\UnityFx.Async.AssetStore.csproj", "{6ACDE97B-C722-4135-894A-340F2213514D}"
EndProject
Global
	GlobalSection(SolutionConfigurationPlatforms) = preSolution
		Debug|Any CPU = Debug|Any CPU
		Release|Any CPU = Release|Any CPU
	EndGlobalSection
	GlobalSection(ProjectConfigurationPlatforms) = postSolution
		{721C9B40-7633-4C2B-8820-BDAD9AA8BCF8}.Debug|Any CPU.ActiveCfg = Debug|Any CPU
		{721C9B40-7633-4C2B-8820-BDAD9AA8BCF8}.Debug|Any CPU.Build.0 = Debug|Any CPU
		{721C9B40-7633-4C2B-8820-BDAD9AA8BCF8}.Release|Any CPU.ActiveCfg = Release|Any CPU
		{721C9B40-7633-4C2B-8820-BDAD9AA8BCF8}.Release|Any CPU.Build.0 = Release|Any CPU
		{3482943A-2DFA-44FB-A8E6-A180DB04EF83}.Debug|Any CPU.ActiveCfg = Debug|Any CPU
		{3482943A-2DFA-44FB-A8E6-A180DB04EF83}.Debug|Any CPU.Build.0 = Debug|Any CPU
		{3482943A-2DFA-44FB-A8E6-A180DB04EF83}.Release|Any CPU.ActiveCfg = Release|Any CPU
		{3482943A-2DFA-44FB-A8E6-A180DB04EF83}.Release|Any CPU.Build.0 = Release|Any CPU
		{6ACDE97B-C722-4135-894A-340F2213514D}.Debug|Any CPU.ActiveCfg = Debug|Any CPU
		{6ACDE97B-C722-4135-894A-340F2213514D}.Debug|Any CPU.Build.0 = Debug|Any CPU
		{6ACDE97B-C722-4135-894A-340F2213514D}.Release|Any CPU.ActiveCfg = Release|Any CPU
		{6ACDE97B-C722-4135-894A-340F2213514D}.Release|Any CPU.Build.0 = Release|Any CPU
	EndGlobalSection
	GlobalSection(SolutionProperties) = preSolution
		HideSolutionNode = FALSE
	EndGlobalSection
	GlobalSection(ExtensibilityGlobals) = postSolution
		SolutionGuid = {90F939BB-E483-46DB-A8AB-8944C990A324}
	EndGlobalSection
EndGlobal
